
Microsoft Visual Studio Solution File, Format Version 12.00
# Visual Studio Version 17
VisualStudioVersion = 17.9.34728.123
MinimumVisualStudioVersion = 10.0.40219.1
Project("{FAE04EC0-301F-11D3-BF4B-00C04F79EFBC}") = "WarriorGame", "WarriorGame\WarriorGame.csproj", "{00282244-616A-4D9B-9B9F-5D69A3F8C312}"
EndProject
Global
	GlobalSection(SolutionConfigurationPlatforms) = preSolution
		Debug|Any CPU = Debug|Any CPU
		Release|Any CPU = Release|Any CPU
	EndGlobalSection
	GlobalSection(ProjectConfigurationPlatforms) = postSolution
		{00282244-616A-4D9B-9B9F-5D69A3F8C312}.Debug|Any CPU.ActiveCfg = Debug|Any CPU
		{00282244-616A-4D9B-9B9F-5D69A3F8C312}.Debug|Any CPU.Build.0 = Debug|Any CPU
		{00282244-616A-4D9B-9B9F-5D69A3F8C312}.Release|Any CPU.ActiveCfg = Release|Any CPU
		{00282244-616A-4D9B-9B9F-5D69A3F8C312}.Release|Any CPU.Build.0 = Release|Any CPU
	EndGlobalSection
	GlobalSection(SolutionProperties) = preSolution
		HideSolutionNode = FALSE
	EndGlobalSection
	GlobalSection(ExtensibilityGlobals) = postSolution
		SolutionGuid = {ABBB1CF2-BF74-4252-9F45-7749F7EFA63E}
	EndGlobalSection
EndGlobal
